
Microsoft Visual Studio Solution File, Format Version 12.00
# Visual Studio Express 2013 for Windows Desktop
VisualStudioVersion = 12.0.21005.1
MinimumVisualStudioVersion = 10.0.40219.1
Project("{FAE04EC0-301F-11D3-BF4B-00C04F79EFBC}") = "SmartHome", "SmartHome\SmartHome.csproj", "{B8840590-E2FC-4053-9EFF-91125F051287}"
	ProjectSection(ProjectDependencies) = postProject
		{8293DE8C-85FE-4783-8497-82921152B922} = {8293DE8C-85FE-4783-8497-82921152B922}
		{08B9F7E0-1C5C-45B8-8F08-B8E0A73F1B66} = {08B9F7E0-1C5C-45B8-8F08-B8E0A73F1B66}
	EndProjectSection
EndProject
Project("{FAE04EC0-301F-11D3-BF4B-00C04F79EFBC}") = "SmartHome.Netflix", "SmartHome.Netflix\SmartHome.Netflix.csproj", "{0FD61303-0624-4F4A-BF1F-EA81AF976BEF}"
EndProject
Project("{FAE04EC0-301F-11D3-BF4B-00C04F79EFBC}") = "SmartHome.Weather", "SmartHome.Weather\SmartHome.Weather.csproj", "{244FEF9C-34B1-4929-8791-16C6C52D6C75}"
EndProject
Project("{FAE04EC0-301F-11D3-BF4B-00C04F79EFBC}") = "SmartHome.Control", "SmartHome.Control\SmartHome.Control.csproj", "{F61C5C94-AB6A-4F21-999E-C2438CDCA60A}"
EndProject
Project("{FAE04EC0-301F-11D3-BF4B-00C04F79EFBC}") = "SmartHome.TV", "SmartHome.TV\SmartHome.TV.csproj", "{15DD8BBB-E99B-4C80-8476-5A1F05EB4154}"
EndProject
Project("{FAE04EC0-301F-11D3-BF4B-00C04F79EFBC}") = "SmartHome.Movies", "SmartHome.Movies\SmartHome.Movies.csproj", "{3F63328C-9F82-4270-8AD5-2EBBECEA1AD1}"
EndProject
Project("{FAE04EC0-301F-11D3-BF4B-00C04F79EFBC}") = "SmartHome.Common", "SmartHome.Common\SmartHome.Common.csproj", "{8293DE8C-85FE-4783-8497-82921152B922}"
EndProject
Project("{FAE04EC0-301F-11D3-BF4B-00C04F79EFBC}") = "SmartHome.YouTube", "SmartHome.YouTube\SmartHome.YouTube.csproj", "{08B9F7E0-1C5C-45B8-8F08-B8E0A73F1B66}"
EndProject
Global
	GlobalSection(SolutionConfigurationPlatforms) = preSolution
		Debug|Any CPU = Debug|Any CPU
		Debug|x86 = Debug|x86
		Release|Any CPU = Release|Any CPU
		Release|x86 = Release|x86
	EndGlobalSection
	GlobalSection(ProjectConfigurationPlatforms) = postSolution
		{B8840590-E2FC-4053-9EFF-91125F051287}.Debug|Any CPU.ActiveCfg = Debug|Any CPU
		{B8840590-E2FC-4053-9EFF-91125F051287}.Debug|Any CPU.Build.0 = Debug|Any CPU
		{B8840590-E2FC-4053-9EFF-91125F051287}.Debug|x86.ActiveCfg = Debug|x86
		{B8840590-E2FC-4053-9EFF-91125F051287}.Debug|x86.Build.0 = Debug|x86
		{B8840590-E2FC-4053-9EFF-91125F051287}.Release|Any CPU.ActiveCfg = Release|Any CPU
		{B8840590-E2FC-4053-9EFF-91125F051287}.Release|Any CPU.Build.0 = Release|Any CPU
		{B8840590-E2FC-4053-9EFF-91125F051287}.Release|x86.ActiveCfg = Release|x86
		{B8840590-E2FC-4053-9EFF-91125F051287}.Release|x86.Build.0 = Release|x86
		{0FD61303-0624-4F4A-BF1F-EA81AF976BEF}.Debug|Any CPU.ActiveCfg = Debug|Any CPU
		{0FD61303-0624-4F4A-BF1F-EA81AF976BEF}.Debug|Any CPU.Build.0 = Debug|Any CPU
		{0FD61303-0624-4F4A-BF1F-EA81AF976BEF}.Debug|x86.ActiveCfg = Debug|x86
		{0FD61303-0624-4F4A-BF1F-EA81AF976BEF}.Debug|x86.Build.0 = Debug|x86
		{0FD61303-0624-4F4A-BF1F-EA81AF976BEF}.Release|Any CPU.ActiveCfg = Release|Any CPU
		{0FD61303-0624-4F4A-BF1F-EA81AF976BEF}.Release|Any CPU.Build.0 = Release|Any CPU
		{0FD61303-0624-4F4A-BF1F-EA81AF976BEF}.Release|x86.ActiveCfg = Release|x86
		{0FD61303-0624-4F4A-BF1F-EA81AF976BEF}.Release|x86.Build.0 = Release|x86
		{244FEF9C-34B1-4929-8791-16C6C52D6C75}.Debug|Any CPU.ActiveCfg = Debug|Any CPU
		{244FEF9C-34B1-4929-8791-16C6C52D6C75}.Debug|Any CPU.Build.0 = Debug|Any CPU
		{244FEF9C-34B1-4929-8791-16C6C52D6C75}.Debug|x86.ActiveCfg = Debug|x86
		{244FEF9C-34B1-4929-8791-16C6C52D6C75}.Debug|x86.Build.0 = Debug|x86
		{244FEF9C-34B1-4929-8791-16C6C52D6C75}.Release|Any CPU.ActiveCfg = Release|Any CPU
		{244FEF9C-34B1-4929-8791-16C6C52D6C75}.Release|Any CPU.Build.0 = Release|Any CPU
		{244FEF9C-34B1-4929-8791-16C6C52D6C75}.Release|x86.ActiveCfg = Release|x86
		{244FEF9C-34B1-4929-8791-16C6C52D6C75}.Release|x86.Build.0 = Release|x86
		{F61C5C94-AB6A-4F21-999E-C2438CDCA60A}.Debug|Any CPU.ActiveCfg = Debug|Any CPU
		{F61C5C94-AB6A-4F21-999E-C2438CDCA60A}.Debug|Any CPU.Build.0 = Debug|Any CPU
		{F61C5C94-AB6A-4F21-999E-C2438CDCA60A}.Debug|x86.ActiveCfg = Debug|x86
		{F61C5C94-AB6A-4F21-999E-C2438CDCA60A}.Debug|x86.Build.0 = Debug|x86
		{F61C5C94-AB6A-4F21-999E-C2438CDCA60A}.Release|Any CPU.ActiveCfg = Release|Any CPU
		{F61C5C94-AB6A-4F21-999E-C2438CDCA60A}.Release|Any CPU.Build.0 = Release|Any CPU
		{F61C5C94-AB6A-4F21-999E-C2438CDCA60A}.Release|x86.ActiveCfg = Release|x86
		{F61C5C94-AB6A-4F21-999E-C2438CDCA60A}.Release|x86.Build.0 = Release|x86
		{15DD8BBB-E99B-4C80-8476-5A1F05EB4154}.Debug|Any CPU.ActiveCfg = Debug|Any CPU
		{15DD8BBB-E99B-4C80-8476-5A1F05EB4154}.Debug|Any CPU.Build.0 = Debug|Any CPU
		{15DD8BBB-E99B-4C80-8476-5A1F05EB4154}.Debug|x86.ActiveCfg = Debug|x86
		{15DD8BBB-E99B-4C80-8476-5A1F05EB4154}.Debug|x86.Build.0 = Debug|x86
		{15DD8BBB-E99B-4C80-8476-5A1F05EB4154}.Release|Any CPU.ActiveCfg = Release|Any CPU
		{15DD8BBB-E99B-4C80-8476-5A1F05EB4154}.Release|Any CPU.Build.0 = Release|Any CPU
		{15DD8BBB-E99B-4C80-8476-5A1F05EB4154}.Release|x86.ActiveCfg = Release|x86
		{15DD8BBB-E99B-4C80-8476-5A1F05EB4154}.Release|x86.Build.0 = Release|x86
		{3F63328C-9F82-4270-8AD5-2EBBECEA1AD1}.Debug|Any CPU.ActiveCfg = Debug|Any CPU
		{3F63328C-9F82-4270-8AD5-2EBBECEA1AD1}.Debug|Any CPU.Build.0 = Debug|Any CPU
		{3F63328C-9F82-4270-8AD5-2EBBECEA1AD1}.Debug|x86.ActiveCfg = Debug|x86
		{3F63328C-9F82-4270-8AD5-2EBBECEA1AD1}.Debug|x86.Build.0 = Debug|x86
		{3F63328C-9F82-4270-8AD5-2EBBECEA1AD1}.Release|Any CPU.ActiveCfg = Release|Any CPU
		{3F63328C-9F82-4270-8AD5-2EBBECEA1AD1}.Release|Any CPU.Build.0 = Release|Any CPU
		{3F63328C-9F82-4270-8AD5-2EBBECEA1AD1}.Release|x86.ActiveCfg = Release|x86
		{3F63328C-9F82-4270-8AD5-2EBBECEA1AD1}.Release|x86.Build.0 = Release|x86
		{8293DE8C-85FE-4783-8497-82921152B922}.Debug|Any CPU.ActiveCfg = Debug|Any CPU
		{8293DE8C-85FE-4783-8497-82921152B922}.Debug|Any CPU.Build.0 = Debug|Any CPU
		{8293DE8C-85FE-4783-8497-82921152B922}.Debug|x86.ActiveCfg = Debug|Any CPU
		{8293DE8C-85FE-4783-8497-82921152B922}.Release|Any CPU.ActiveCfg = Release|Any CPU
		{8293DE8C-85FE-4783-8497-82921152B922}.Release|Any CPU.Build.0 = Release|Any CPU
		{8293DE8C-85FE-4783-8497-82921152B922}.Release|x86.ActiveCfg = Release|Any CPU
		{08B9F7E0-1C5C-45B8-8F08-B8E0A73F1B66}.Debug|Any CPU.ActiveCfg = Debug|Any CPU
		{08B9F7E0-1C5C-45B8-8F08-B8E0A73F1B66}.Debug|Any CPU.Build.0 = Debug|Any CPU
		{08B9F7E0-1C5C-45B8-8F08-B8E0A73F1B66}.Debug|x86.ActiveCfg = Debug|Any CPU
		{08B9F7E0-1C5C-45B8-8F08-B8E0A73F1B66}.Release|Any CPU.ActiveCfg = Release|Any CPU
		{08B9F7E0-1C5C-45B8-8F08-B8E0A73F1B66}.Release|Any CPU.Build.0 = Release|Any CPU
		{08B9F7E0-1C5C-45B8-8F08-B8E0A73F1B66}.Release|x86.ActiveCfg = Release|Any CPU
	EndGlobalSection
	GlobalSection(SolutionProperties) = preSolution
		HideSolutionNode = FALSE
	EndGlobalSection
EndGlobal
